# THIS IS AN AUTOGENERATED FILE. DO NOT EDIT THIS FILE DIRECTLY.
# yarn lockfile v1


"@types/webgl2@^0.0.5":
  version "0.0.5"
  resolved "https://registry.yarnpkg.com/@types/webgl2/-/webgl2-0.0.5.tgz#dd925e20ab8ace80eb4b1e46fda5b109c508fb0d"
  integrity sha512-oGaKsBbxQOY5+aJFV3KECDhGaXt+yZJt2y/OZsnQGLRkH6Fvr7rv4pCt3SRH1somIHfej/c4u7NSpCyd9x+1Ow==
